
Microsoft Visual Studio Solution File, Format Version 12.00
# Visual Studio Version 17
VisualStudioVersion = 17.0.31903.59
MinimumVisualStudioVersion = 10.0.40219.1
Project("{2150E333-8FDC-42A3-9474-1A3956D46DE8}") = "src", "src", "{47C27B68-82D1-440A-A00E-B53D97B0E216}"
EndProject
Project("{FAE04EC0-301F-11D3-BF4B-00C04F79EFBC}") = "Ssh.Net", "src\Ssh.Net\Ssh.Net.csproj", "{7F499FB8-6DF7-42E2-99AE-E0848819F86F}"
EndProject
Project("{2150E333-8FDC-42A3-9474-1A3956D46DE8}") = "tests", "tests", "{C6300734-3D6D-463A-9CA2-30CE5CD7A5B3}"
EndProject
Project("{FAE04EC0-301F-11D3-BF4B-00C04F79EFBC}") = "Ssh.Net.Unit.Tests", "tests\Ssh.Net.Unit.Tests\Ssh.Net.Unit.Tests.csproj", "{46D8062D-EF18-43FE-A055-875C5F74B1E0}"
EndProject
Global
	GlobalSection(SolutionConfigurationPlatforms) = preSolution
		Debug|Any CPU = Debug|Any CPU
		Release|Any CPU = Release|Any CPU
	EndGlobalSection
	GlobalSection(SolutionProperties) = preSolution
		HideSolutionNode = FALSE
	EndGlobalSection
	GlobalSection(ProjectConfigurationPlatforms) = postSolution
		{7F499FB8-6DF7-42E2-99AE-E0848819F86F}.Debug|Any CPU.ActiveCfg = Debug|Any CPU
		{7F499FB8-6DF7-42E2-99AE-E0848819F86F}.Debug|Any CPU.Build.0 = Debug|Any CPU
		{7F499FB8-6DF7-42E2-99AE-E0848819F86F}.Release|Any CPU.ActiveCfg = Release|Any CPU
		{7F499FB8-6DF7-42E2-99AE-E0848819F86F}.Release|Any CPU.Build.0 = Release|Any CPU
		{46D8062D-EF18-43FE-A055-875C5F74B1E0}.Debug|Any CPU.ActiveCfg = Debug|Any CPU
		{46D8062D-EF18-43FE-A055-875C5F74B1E0}.Debug|Any CPU.Build.0 = Debug|Any CPU
		{46D8062D-EF18-43FE-A055-875C5F74B1E0}.Release|Any CPU.ActiveCfg = Release|Any CPU
		{46D8062D-EF18-43FE-A055-875C5F74B1E0}.Release|Any CPU.Build.0 = Release|Any CPU
	EndGlobalSection
	GlobalSection(NestedProjects) = preSolution
		{7F499FB8-6DF7-42E2-99AE-E0848819F86F} = {47C27B68-82D1-440A-A00E-B53D97B0E216}
		{46D8062D-EF18-43FE-A055-875C5F74B1E0} = {C6300734-3D6D-463A-9CA2-30CE5CD7A5B3}
	EndGlobalSection
EndGlobal
